
Microsoft Visual Studio Solution File, Format Version 12.00
# Visual Studio Version 17
VisualStudioVersion = 17.5.33414.496
MinimumVisualStudioVersion = 10.0.40219.1
Project("{FAE04EC0-301F-11D3-BF4B-00C04F79EFBC}") = "Module", "Module.csproj", "{20ACF4FD-55A9-479A-B294-32CDA653DA5D}"
EndProject
Project("{9A19103F-16F7-4668-BE54-9A1E7A4F7556}") = "Submodule", "..\Submodule\Submodule.csproj", "{A2296E6A-3B87-4120-BC22-30301303975E}"
EndProject
Global
	GlobalSection(SolutionConfigurationPlatforms) = preSolution
		Debug|Any CPU = Debug|Any CPU
		Release|Any CPU = Release|Any CPU
	EndGlobalSection
	GlobalSection(ProjectConfigurationPlatforms) = postSolution
		{20ACF4FD-55A9-479A-B294-32CDA653DA5D}.Debug|Any CPU.ActiveCfg = Debug|Any CPU
		{20ACF4FD-55A9-479A-B294-32CDA653DA5D}.Debug|Any CPU.Build.0 = Debug|Any CPU
		{20ACF4FD-55A9-479A-B294-32CDA653DA5D}.Release|Any CPU.ActiveCfg = Release|Any CPU
		{20ACF4FD-55A9-479A-B294-32CDA653DA5D}.Release|Any CPU.Build.0 = Release|Any CPU
		{A2296E6A-3B87-4120-BC22-30301303975E}.Debug|Any CPU.ActiveCfg = Debug|Any CPU
		{A2296E6A-3B87-4120-BC22-30301303975E}.Debug|Any CPU.Build.0 = Debug|Any CPU
		{A2296E6A-3B87-4120-BC22-30301303975E}.Release|Any CPU.ActiveCfg = Release|Any CPU
		{A2296E6A-3B87-4120-BC22-30301303975E}.Release|Any CPU.Build.0 = Release|Any CPU
	EndGlobalSection
	GlobalSection(SolutionProperties) = preSolution
		HideSolutionNode = FALSE
	EndGlobalSection
	GlobalSection(ExtensibilityGlobals) = postSolution
		SolutionGuid = {32701D29-405C-42C0-B83A-4FADEEE3EEA2}
	EndGlobalSection
EndGlobal
